
Microsoft Visual Studio Solution File, Format Version 12.00
# Visual Studio Version 16
VisualStudioVersion = 16.0.30413.136
MinimumVisualStudioVersion = 10.0.40219.1
Project("{FAE04EC0-301F-11D3-BF4B-00C04F79EFBC}") = "CP2_Midterms", "CP2_Midterms\CP2_Midterms.csproj", "{597367FD-B3E4-495F-905D-C5FF2EF34F27}"
EndProject
Global
	GlobalSection(SolutionConfigurationPlatforms) = preSolution
		Debug|Any CPU = Debug|Any CPU
		Release|Any CPU = Release|Any CPU
	EndGlobalSection
	GlobalSection(ProjectConfigurationPlatforms) = postSolution
		{597367FD-B3E4-495F-905D-C5FF2EF34F27}.Debug|Any CPU.ActiveCfg = Debug|Any CPU
		{597367FD-B3E4-495F-905D-C5FF2EF34F27}.Debug|Any CPU.Build.0 = Debug|Any CPU
		{597367FD-B3E4-495F-905D-C5FF2EF34F27}.Release|Any CPU.ActiveCfg = Release|Any CPU
		{597367FD-B3E4-495F-905D-C5FF2EF34F27}.Release|Any CPU.Build.0 = Release|Any CPU
	EndGlobalSection
	GlobalSection(SolutionProperties) = preSolution
		HideSolutionNode = FALSE
	EndGlobalSection
	GlobalSection(ExtensibilityGlobals) = postSolution
		SolutionGuid = {C04EDF59-BCA4-461F-9A67-2320830D2068}
	EndGlobalSection
EndGlobal
